{
  "name": "sdk-example",
  "lockfileVersion": 3,
  "requires": true,
  "packages": {
    "": {
      "name": "sdk-example",
      "dependencies": {
        "@bitwarden/sdk-client": "../sdk-client",
        "@bitwarden/sdk-wasm": "../wasm"
      }
    },
    "../sdk-client": {
      "name": "@bitwarden/sdk-client",
      "devDependencies": {
        "@types/node": "^18.15.11",
        "rimraf": "^6.0.0",
        "typescript": "^5.0.3"
      }
    },
    "../wasm": {
      "name": "@bitwarden/sdk-wasm",
      "version": "0.1.0"
    },
    "node_modules/@bitwarden/sdk-client": {
      "resolved": "../sdk-client",
      "link": true
    },
    "node_modules/@bitwarden/sdk-wasm": {
      "resolved": "../wasm",
      "link": true
    }
  }
}
